// !$*UTF8*$!
{
	archiveVersion = 1;
	classes = {
	};
	objectVersion = 46;
	objects = {

/* Begin PBXBuildFile section */
		C13975C21E88AB6800D5DA1E /* RXSwiftLoginController.swift in Sources */ = {isa = PBXBuildFile; fileRef = C13975C01E88AB6800D5DA1E /* RXSwiftLoginController.swift */; };
		C13975C31E88AB6800D5DA1E /* RXSwiftLoginController.xib in Resources */ = {isa = PBXBuildFile; fileRef = C13975C11E88AB6800D5DA1E /* RXSwiftLoginController.xib */; };
		C13975C51E88AD4500D5DA1E /* InputValidator.swift in Sources */ = {isa = PBXBuildFile; fileRef = C13975C41E88AD4500D5DA1E /* InputValidator.swift */; };
		C167A6B01E9BA6DC000D7A61 /* AppDelegate.swift in Sources */ = {isa = PBXBuildFile; fileRef = C167A6AE1E9BA6DC000D7A61 /* AppDelegate.swift */; };
		C167A6B11E9BA6DC000D7A61 /* ViewController.swift in Sources */ = {isa = PBXBuildFile; fileRef = C167A6AF1E9BA6DC000D7A61 /* ViewController.swift */; };
		C167A6BB1E9BA8A9000D7A61 /* weex-icon.png in Resources */ = {isa = PBXBuildFile; fileRef = C167A6B51E9BA8A9000D7A61 /* weex-icon.png */; };
		C167A6BC1E9BA8A9000D7A61 /* weex.png in Resources */ = {isa = PBXBuildFile; fileRef = C167A6B61E9BA8A9000D7A61 /* weex.png */; };
		C167A6BD1E9BA8A9000D7A61 /* weex@2x.png in Resources */ = {isa = PBXBuildFile; fileRef = C167A6B71E9BA8A9000D7A61 /* weex@2x.png */; };
		C167A6CF1E9BA8B3000D7A61 /* NSDate-Extension.swift in Sources */ = {isa = PBXBuildFile; fileRef = C167A6C21E9BA8B3000D7A61 /* NSDate-Extension.swift */; };
		C167A6D01E9BA8B3000D7A61 /* UIBarButtonItem-Extension.swift in Sources */ = {isa = PBXBuildFile; fileRef = C167A6C31E9BA8B3000D7A61 /* UIBarButtonItem-Extension.swift */; };
		C167A6D11E9BA8B3000D7A61 /* UIColor-Extension.swift in Sources */ = {isa = PBXBuildFile; fileRef = C167A6C41E9BA8B3000D7A61 /* UIColor-Extension.swift */; };
		C167A6D21E9BA8B3000D7A61 /* NetWorkTools.swift in Sources */ = {isa = PBXBuildFile; fileRef = C167A6CC1E9BA8B3000D7A61 /* NetWorkTools.swift */; };
		C167A6D31E9BA8B3000D7A61 /* Common.swift in Sources */ = {isa = PBXBuildFile; fileRef = C167A6CE1E9BA8B3000D7A61 /* Common.swift */; };
		C167A6D61E9BAA14000D7A61 /* RxSwiftDemo.md in Sources */ = {isa = PBXBuildFile; fileRef = C167A6D51E9BAA14000D7A61 /* RxSwiftDemo.md */; };
		C167A6D81E9BAA22000D7A61 /* ChartsDemo.md in Sources */ = {isa = PBXBuildFile; fileRef = C167A6D71E9BAA22000D7A61 /* ChartsDemo.md */; };
		C167A6DD1E9BAAA8000D7A61 /* PXLChartsViewController.swift in Sources */ = {isa = PBXBuildFile; fileRef = C167A6DC1E9BAAA8000D7A61 /* PXLChartsViewController.swift */; };
		C167A6DF1E9BB0C3000D7A61 /* NSObject-Extension.swift in Sources */ = {isa = PBXBuildFile; fileRef = C167A6DE1E9BB0C3000D7A61 /* NSObject-Extension.swift */; };
		C167A6E51E9C66B9000D7A61 /* LineChartController.swift in Sources */ = {isa = PBXBuildFile; fileRef = C167A6E41E9C66B9000D7A61 /* LineChartController.swift */; };
		C167A6FE1E9DCEAF000D7A61 /* BoxueViewController.swift in Sources */ = {isa = PBXBuildFile; fileRef = C167A6FD1E9DCEAF000D7A61 /* BoxueViewController.swift */; };
		C167A7001E9DD1FA000D7A61 /* Boxue_7.md in Sources */ = {isa = PBXBuildFile; fileRef = C167A6FF1E9DD1FA000D7A61 /* Boxue_7.md */; };
		C18B7CB21E027B8900CFCB25 /* Main.storyboard in Resources */ = {isa = PBXBuildFile; fileRef = C18B7CB01E027B8900CFCB25 /* Main.storyboard */; };
		C18B7CB41E027B8900CFCB25 /* Assets.xcassets in Resources */ = {isa = PBXBuildFile; fileRef = C18B7CB31E027B8900CFCB25 /* Assets.xcassets */; };
		C18B7CB71E027B8900CFCB25 /* LaunchScreen.storyboard in Resources */ = {isa = PBXBuildFile; fileRef = C18B7CB51E027B8900CFCB25 /* LaunchScreen.storyboard */; };
		C1F87DBC1EA48E3F00CB85ED /* RocUsuallySwiftTests.swift in Sources */ = {isa = PBXBuildFile; fileRef = C1F87DBB1EA48E3F00CB85ED /* RocUsuallySwiftTests.swift */; };
		F425DC1488C8ED8F9E5A8552 /* Pods_RocUsuallySwift.framework in Frameworks */ = {isa = PBXBuildFile; fileRef = 8463C2DE5F16054C8D010DF6 /* Pods_RocUsuallySwift.framework */; };
/* End PBXBuildFile section */

/* Begin PBXContainerItemProxy section */
		C1F87DBE1EA48E3F00CB85ED /* PBXContainerItemProxy */ = {
			isa = PBXContainerItemProxy;
			containerPortal = C18B7CA11E027B8900CFCB25 /* Project object */;
			proxyType = 1;
			remoteGlobalIDString = C18B7CA81E027B8900CFCB25;
			remoteInfo = RocUsuallySwift;
		};
/* End PBXContainerItemProxy section */

/* Begin PBXFileReference section */
		0D145940C13C04F596B95091 /* Pods-RocUsuallySwift.release.xcconfig */ = {isa = PBXFileReference; includeInIndex = 1; lastKnownFileType = text.xcconfig; name = "Pods-RocUsuallySwift.release.xcconfig"; path = "Pods/Target Support Files/Pods-RocUsuallySwift/Pods-RocUsuallySwift.release.xcconfig"; sourceTree = "<group>"; };
		8463C2DE5F16054C8D010DF6 /* Pods_RocUsuallySwift.framework */ = {isa = PBXFileReference; explicitFileType = wrapper.framework; includeInIndex = 0; path = Pods_RocUsuallySwift.framework; sourceTree = BUILT_PRODUCTS_DIR; };
		C13975C01E88AB6800D5DA1E /* RXSwiftLoginController.swift */ = {isa = PBXFileReference; fileEncoding = 4; lastKnownFileType = sourcecode.swift; path = RXSwiftLoginController.swift; sourceTree = "<group>"; };
		C13975C11E88AB6800D5DA1E /* RXSwiftLoginController.xib */ = {isa = PBXFileReference; fileEncoding = 4; lastKnownFileType = file.xib; path = RXSwiftLoginController.xib; sourceTree = "<group>"; };
		C13975C41E88AD4500D5DA1E /* InputValidator.swift */ = {isa = PBXFileReference; fileEncoding = 4; lastKnownFileType = sourcecode.swift; path = InputValidator.swift; sourceTree = "<group>"; };
		C167A6AE1E9BA6DC000D7A61 /* AppDelegate.swift */ = {isa = PBXFileReference; fileEncoding = 4; lastKnownFileType = sourcecode.swift; path = AppDelegate.swift; sourceTree = "<group>"; };
		C167A6AF1E9BA6DC000D7A61 /* ViewController.swift */ = {isa = PBXFileReference; fileEncoding = 4; lastKnownFileType = sourcecode.swift; path = ViewController.swift; sourceTree = "<group>"; };
		C167A6B51E9BA8A9000D7A61 /* weex-icon.png */ = {isa = PBXFileReference; lastKnownFileType = image.png; path = "weex-icon.png"; sourceTree = "<group>"; };
		C167A6B61E9BA8A9000D7A61 /* weex.png */ = {isa = PBXFileReference; lastKnownFileType = image.png; path = weex.png; sourceTree = "<group>"; };
		C167A6B71E9BA8A9000D7A61 /* weex@2x.png */ = {isa = PBXFileReference; lastKnownFileType = image.png; path = "weex@2x.png"; sourceTree = "<group>"; };
		C167A6C21E9BA8B3000D7A61 /* NSDate-Extension.swift */ = {isa = PBXFileReference; fileEncoding = 4; lastKnownFileType = sourcecode.swift; path = "NSDate-Extension.swift"; sourceTree = "<group>"; };
		C167A6C31E9BA8B3000D7A61 /* UIBarButtonItem-Extension.swift */ = {isa = PBXFileReference; fileEncoding = 4; lastKnownFileType = sourcecode.swift; path = "UIBarButtonItem-Extension.swift"; sourceTree = "<group>"; };
		C167A6C41E9BA8B3000D7A61 /* UIColor-Extension.swift */ = {isa = PBXFileReference; fileEncoding = 4; lastKnownFileType = sourcecode.swift; path = "UIColor-Extension.swift"; sourceTree = "<group>"; };
		C167A6CC1E9BA8B3000D7A61 /* NetWorkTools.swift */ = {isa = PBXFileReference; fileEncoding = 4; lastKnownFileType = sourcecode.swift; path = NetWorkTools.swift; sourceTree = "<group>"; };
		C167A6CE1E9BA8B3000D7A61 /* Common.swift */ = {isa = PBXFileReference; fileEncoding = 4; lastKnownFileType = sourcecode.swift; path = Common.swift; sourceTree = "<group>"; };
		C167A6D51E9BAA14000D7A61 /* RxSwiftDemo.md */ = {isa = PBXFileReference; fileEncoding = 4; lastKnownFileType = net.daringfireball.markdown; path = RxSwiftDemo.md; sourceTree = "<group>"; };
		C167A6D71E9BAA22000D7A61 /* ChartsDemo.md */ = {isa = PBXFileReference; fileEncoding = 4; lastKnownFileType = net.daringfireball.markdown; path = ChartsDemo.md; sourceTree = "<group>"; };
		C167A6DC1E9BAAA8000D7A61 /* PXLChartsViewController.swift */ = {isa = PBXFileReference; fileEncoding = 4; lastKnownFileType = sourcecode.swift; path = PXLChartsViewController.swift; sourceTree = "<group>"; };
		C167A6DE1E9BB0C3000D7A61 /* NSObject-Extension.swift */ = {isa = PBXFileReference; fileEncoding = 4; lastKnownFileType = sourcecode.swift; path = "NSObject-Extension.swift"; sourceTree = "<group>"; };
		C167A6E41E9C66B9000D7A61 /* LineChartController.swift */ = {isa = PBXFileReference; fileEncoding = 4; lastKnownFileType = sourcecode.swift; path = LineChartController.swift; sourceTree = "<group>"; };
		C167A6FD1E9DCEAF000D7A61 /* BoxueViewController.swift */ = {isa = PBXFileReference; fileEncoding = 4; lastKnownFileType = sourcecode.swift; path = BoxueViewController.swift; sourceTree = "<group>"; };
		C167A6FF1E9DD1FA000D7A61 /* Boxue_7.md */ = {isa = PBXFileReference; fileEncoding = 4; lastKnownFileType = net.daringfireball.markdown; path = Boxue_7.md; sourceTree = "<group>"; };
		C18B7CA91E027B8900CFCB25 /* RocUsuallySwift.app */ = {isa = PBXFileReference; explicitFileType = wrapper.application; includeInIndex = 0; path = RocUsuallySwift.app; sourceTree = BUILT_PRODUCTS_DIR; };
		C18B7CB11E027B8900CFCB25 /* Base */ = {isa = PBXFileReference; lastKnownFileType = file.storyboard; name = Base; path = Base.lproj/Main.storyboard; sourceTree = "<group>"; };
		C18B7CB31E027B8900CFCB25 /* Assets.xcassets */ = {isa = PBXFileReference; lastKnownFileType = folder.assetcatalog; path = Assets.xcassets; sourceTree = "<group>"; };
		C18B7CB61E027B8900CFCB25 /* Base */ = {isa = PBXFileReference; lastKnownFileType = file.storyboard; name = Base; path = Base.lproj/LaunchScreen.storyboard; sourceTree = "<group>"; };
		C18B7CB81E027B8900CFCB25 /* Info.plist */ = {isa = PBXFileReference; lastKnownFileType = text.plist.xml; name = Info.plist; path = ../Info.plist; sourceTree = "<group>"; };
		C1F87DB91EA48E3F00CB85ED /* RocUsuallySwiftTests.xctest */ = {isa = PBXFileReference; explicitFileType = wrapper.cfbundle; includeInIndex = 0; path = RocUsuallySwiftTests.xctest; sourceTree = BUILT_PRODUCTS_DIR; };
		C1F87DBB1EA48E3F00CB85ED /* RocUsuallySwiftTests.swift */ = {isa = PBXFileReference; lastKnownFileType = sourcecode.swift; path = RocUsuallySwiftTests.swift; sourceTree = "<group>"; };
		C1F87DBD1EA48E3F00CB85ED /* Info.plist */ = {isa = PBXFileReference; lastKnownFileType = text.plist.xml; path = Info.plist; sourceTree = "<group>"; };
		CDFD5A51058ED1BF865F2709 /* Pods-RocUsuallySwift.debug.xcconfig */ = {isa = PBXFileReference; includeInIndex = 1; lastKnownFileType = text.xcconfig; name = "Pods-RocUsuallySwift.debug.xcconfig"; path = "Pods/Target Support Files/Pods-RocUsuallySwift/Pods-RocUsuallySwift.debug.xcconfig"; sourceTree = "<group>"; };
/* End PBXFileReference section */

/* Begin PBXFrameworksBuildPhase section */
		C18B7CA61E027B8900CFCB25 /* Frameworks */ = {
			isa = PBXFrameworksBuildPhase;
			buildActionMask = 2147483647;
			files = (
				F425DC1488C8ED8F9E5A8552 /* Pods_RocUsuallySwift.framework in Frameworks */,
			);
			runOnlyForDeploymentPostprocessing = 0;
		};
		C1F87DB61EA48E3F00CB85ED /* Frameworks */ = {
			isa = PBXFrameworksBuildPhase;
			buildActionMask = 2147483647;
			files = (
			);
			runOnlyForDeploymentPostprocessing = 0;
		};
/* End PBXFrameworksBuildPhase section */

/* Begin PBXGroup section */
		2FB4669BE803CC499E4AB8A7 /* Frameworks */ = {
			isa = PBXGroup;
			children = (
				8463C2DE5F16054C8D010DF6 /* Pods_RocUsuallySwift.framework */,
			);
			name = Frameworks;
			sourceTree = "<group>";
		};
		C13975BD1E889FD800D5DA1E /* Classes */ = {
			isa = PBXGroup;
			children = (
				C167A6FB1E9DCE97000D7A61 /* Boxue */,
				C167A6D41E9BAA07000D7A61 /* Charts */,
				C13975BE1E889FD800D5DA1E /* RxSwift */,
			);
			path = Classes;
			sourceTree = "<group>";
		};
		C13975BE1E889FD800D5DA1E /* RxSwift */ = {
			isa = PBXGroup;
			children = (
				C13975BF1E88AB5500D5DA1E /* Login */,
				C167A6D51E9BAA14000D7A61 /* RxSwiftDemo.md */,
			);
			path = RxSwift;
			sourceTree = "<group>";
		};
		C13975BF1E88AB5500D5DA1E /* Login */ = {
			isa = PBXGroup;
			children = (
				C13975C01E88AB6800D5DA1E /* RXSwiftLoginController.swift */,
				C13975C11E88AB6800D5DA1E /* RXSwiftLoginController.xib */,
				C13975C41E88AD4500D5DA1E /* InputValidator.swift */,
			);
			path = Login;
			sourceTree = "<group>";
		};
		C167A6AD1E9BA6DC000D7A61 /* APPDeleage */ = {
			isa = PBXGroup;
			children = (
				C167A6AE1E9BA6DC000D7A61 /* AppDelegate.swift */,
				C167A6AF1E9BA6DC000D7A61 /* ViewController.swift */,
				C18B7CB51E027B8900CFCB25 /* LaunchScreen.storyboard */,
				C18B7CB81E027B8900CFCB25 /* Info.plist */,
				C18B7CB01E027B8900CFCB25 /* Main.storyboard */,
			);
			path = APPDeleage;
			sourceTree = "<group>";
		};
		C167A6B21E9BA8A9000D7A61 /* Resource */ = {
			isa = PBXGroup;
			children = (
				C167A6B31E9BA8A9000D7A61 /* Font */,
				C167A6B41E9BA8A9000D7A61 /* Image */,
				C167A6B81E9BA8A9000D7A61 /* JS */,
				C167A6B91E9BA8A9000D7A61 /* Sounds */,
				C167A6BA1E9BA8A9000D7A61 /* Videos */,
			);
			path = Resource;
			sourceTree = "<group>";
		};
		C167A6B31E9BA8A9000D7A61 /* Font */ = {
			isa = PBXGroup;
			children = (
			);
			path = Font;
			sourceTree = "<group>";
		};
		C167A6B41E9BA8A9000D7A61 /* Image */ = {
			isa = PBXGroup;
			children = (
				C167A6B51E9BA8A9000D7A61 /* weex-icon.png */,
				C167A6B61E9BA8A9000D7A61 /* weex.png */,
				C167A6B71E9BA8A9000D7A61 /* weex@2x.png */,
			);
			path = Image;
			sourceTree = "<group>";
		};
		C167A6B81E9BA8A9000D7A61 /* JS */ = {
			isa = PBXGroup;
			children = (
			);
			path = JS;
			sourceTree = "<group>";
		};
		C167A6B91E9BA8A9000D7A61 /* Sounds */ = {
			isa = PBXGroup;
			children = (
			);
			path = Sounds;
			sourceTree = "<group>";
		};
		C167A6BA1E9BA8A9000D7A61 /* Videos */ = {
			isa = PBXGroup;
			children = (
			);
			path = Videos;
			sourceTree = "<group>";
		};
		C167A6BE1E9BA8B3000D7A61 /* CommonClasses */ = {
			isa = PBXGroup;
			children = (
				C167A6BF1E9BA8B3000D7A61 /* General */,
				C167A6CA1E9BA8B3000D7A61 /* Helps */,
				C167A6CD1E9BA8B3000D7A61 /* Marco */,
			);
			path = CommonClasses;
			sourceTree = "<group>";
		};
		C167A6BF1E9BA8B3000D7A61 /* General */ = {
			isa = PBXGroup;
			children = (
				C167A6C01E9BA8B3000D7A61 /* Base */,
				C167A6C11E9BA8B3000D7A61 /* BaseExtension */,
				C167A6C51E9BA8B3000D7A61 /* Categories */,
				C167A6C61E9BA8B3000D7A61 /* Core */,
				C167A6C71E9BA8B3000D7A61 /* Models */,
				C167A6C81E9BA8B3000D7A61 /* Public */,
				C167A6C91E9BA8B3000D7A61 /* Views */,
			);
			path = General;
			sourceTree = "<group>";
		};
		C167A6C01E9BA8B3000D7A61 /* Base */ = {
			isa = PBXGroup;
			children = (
			);
			path = Base;
			sourceTree = "<group>";
		};
		C167A6C11E9BA8B3000D7A61 /* BaseExtension */ = {
			isa = PBXGroup;
			children = (
				C167A6C21E9BA8B3000D7A61 /* NSDate-Extension.swift */,
				C167A6C31E9BA8B3000D7A61 /* UIBarButtonItem-Extension.swift */,
				C167A6C41E9BA8B3000D7A61 /* UIColor-Extension.swift */,
				C167A6DE1E9BB0C3000D7A61 /* NSObject-Extension.swift */,
			);
			path = BaseExtension;
			sourceTree = "<group>";
		};
		C167A6C51E9BA8B3000D7A61 /* Categories */ = {
			isa = PBXGroup;
			children = (
			);
			path = Categories;
			sourceTree = "<group>";
		};
		C167A6C61E9BA8B3000D7A61 /* Core */ = {
			isa = PBXGroup;
			children = (
			);
			path = Core;
			sourceTree = "<group>";
		};
		C167A6C71E9BA8B3000D7A61 /* Models */ = {
			isa = PBXGroup;
			children = (
			);
			path = Models;
			sourceTree = "<group>";
		};
		C167A6C81E9BA8B3000D7A61 /* Public */ = {
			isa = PBXGroup;
			children = (
			);
			path = Public;
			sourceTree = "<group>";
		};
		C167A6C91E9BA8B3000D7A61 /* Views */ = {
			isa = PBXGroup;
			children = (
			);
			path = Views;
			sourceTree = "<group>";
		};
		C167A6CA1E9BA8B3000D7A61 /* Helps */ = {
			isa = PBXGroup;
			children = (
				C167A6CB1E9BA8B3000D7A61 /* HttpTools */,
			);
			path = Helps;
			sourceTree = "<group>";
		};
		C167A6CB1E9BA8B3000D7A61 /* HttpTools */ = {
			isa = PBXGroup;
			children = (
				C167A6CC1E9BA8B3000D7A61 /* NetWorkTools.swift */,
			);
			path = HttpTools;
			sourceTree = "<group>";
		};
		C167A6CD1E9BA8B3000D7A61 /* Marco */ = {
			isa = PBXGroup;
			children = (
				C167A6CE1E9BA8B3000D7A61 /* Common.swift */,
			);
			path = Marco;
			sourceTree = "<group>";
		};
		C167A6D41E9BAA07000D7A61 /* Charts */ = {
			isa = PBXGroup;
			children = (
				C167A6E21E9C66A1000D7A61 /* OtherController */,
				C167A6D91E9BAA6D000D7A61 /* Controller */,
				C167A6DA1E9BAA6D000D7A61 /* Model */,
				C167A6DB1E9BAA6D000D7A61 /* View */,
				C167A6D71E9BAA22000D7A61 /* ChartsDemo.md */,
			);
			path = Charts;
			sourceTree = "<group>";
		};
		C167A6D91E9BAA6D000D7A61 /* Controller */ = {
			isa = PBXGroup;
			children = (
				C167A6DC1E9BAAA8000D7A61 /* PXLChartsViewController.swift */,
			);
			path = Controller;
			sourceTree = "<group>";
		};
		C167A6DA1E9BAA6D000D7A61 /* Model */ = {
			isa = PBXGroup;
			children = (
			);
			path = Model;
			sourceTree = "<group>";
		};
		C167A6DB1E9BAA6D000D7A61 /* View */ = {
			isa = PBXGroup;
			children = (
			);
			path = View;
			sourceTree = "<group>";
		};
		C167A6E21E9C66A1000D7A61 /* OtherController */ = {
			isa = PBXGroup;
			children = (
				C167A6E31E9C66A1000D7A61 /* 1LineChartController */,
			);
			path = OtherController;
			sourceTree = "<group>";
		};
		C167A6E31E9C66A1000D7A61 /* 1LineChartController */ = {
			isa = PBXGroup;
			children = (
				C167A6E41E9C66B9000D7A61 /* LineChartController.swift */,
			);
			path = 1LineChartController;
			sourceTree = "<group>";
		};
		C167A6FB1E9DCE97000D7A61 /* Boxue */ = {
			isa = PBXGroup;
			children = (
				C167A6FC1E9DCE97000D7A61 /* Controller */,
			);
			path = Boxue;
			sourceTree = "<group>";
		};
		C167A6FC1E9DCE97000D7A61 /* Controller */ = {
			isa = PBXGroup;
			children = (
				C167A6FD1E9DCEAF000D7A61 /* BoxueViewController.swift */,
				C167A6FF1E9DD1FA000D7A61 /* Boxue_7.md */,
			);
			path = Controller;
			sourceTree = "<group>";
		};
		C18B7CA01E027B8900CFCB25 = {
			isa = PBXGroup;
			children = (
				C18B7CAB1E027B8900CFCB25 /* RocUsuallySwift */,
				C1F87DBA1EA48E3F00CB85ED /* RocUsuallySwiftTests */,
				C18B7CAA1E027B8900CFCB25 /* Products */,
				CE325861FC3A21273291EFAC /* Pods */,
				2FB4669BE803CC499E4AB8A7 /* Frameworks */,
			);
			sourceTree = "<group>";
		};
		C18B7CAA1E027B8900CFCB25 /* Products */ = {
			isa = PBXGroup;
			children = (
				C18B7CA91E027B8900CFCB25 /* RocUsuallySwift.app */,
				C1F87DB91EA48E3F00CB85ED /* RocUsuallySwiftTests.xctest */,
			);
			name = Products;
			sourceTree = "<group>";
		};
		C18B7CAB1E027B8900CFCB25 /* RocUsuallySwift */ = {
			isa = PBXGroup;
			children = (
				C167A6BE1E9BA8B3000D7A61 /* CommonClasses */,
				C167A6B21E9BA8A9000D7A61 /* Resource */,
				C167A6AD1E9BA6DC000D7A61 /* APPDeleage */,
				C13975BD1E889FD800D5DA1E /* Classes */,
				C18B7CB31E027B8900CFCB25 /* Assets.xcassets */,
			);
			path = RocUsuallySwift;
			sourceTree = "<group>";
		};
		C1F87DBA1EA48E3F00CB85ED /* RocUsuallySwiftTests */ = {
			isa = PBXGroup;
			children = (
				C1F87DBB1EA48E3F00CB85ED /* RocUsuallySwiftTests.swift */,
				C1F87DBD1EA48E3F00CB85ED /* Info.plist */,
			);
			path = RocUsuallySwiftTests;
			sourceTree = "<group>";
		};
		CE325861FC3A21273291EFAC /* Pods */ = {
			isa = PBXGroup;
			children = (
				CDFD5A51058ED1BF865F2709 /* Pods-RocUsuallySwift.debug.xcconfig */,
				0D145940C13C04F596B95091 /* Pods-RocUsuallySwift.release.xcconfig */,
			);
			name = Pods;
			sourceTree = "<group>";
		};
/* End PBXGroup section */

/* Begin PBXNativeTarget section */
		C18B7CA81E027B8900CFCB25 /* RocUsuallySwift */ = {
			isa = PBXNativeTarget;
			buildConfigurationList = C18B7CBB1E027B8900CFCB25 /* Build configuration list for PBXNativeTarget "RocUsuallySwift" */;
			buildPhases = (
				3665C07C4ECB5D521393AA50 /* [CP] Check Pods Manifest.lock */,
				C18B7CA51E027B8900CFCB25 /* Sources */,
				C18B7CA61E027B8900CFCB25 /* Frameworks */,
				C18B7CA71E027B8900CFCB25 /* Resources */,
				2788929450C37B01A16E9DB4 /* [CP] Embed Pods Frameworks */,
				50953E1092F5DF0A34C56191 /* [CP] Copy Pods Resources */,
			);
			buildRules = (
			);
			dependencies = (
			);
			name = RocUsuallySwift;
			productName = RocUsuallySwift;
			productReference = C18B7CA91E027B8900CFCB25 /* RocUsuallySwift.app */;
			productType = "com.apple.product-type.application";
		};
		C1F87DB81EA48E3F00CB85ED /* RocUsuallySwiftTests */ = {
			isa = PBXNativeTarget;
			buildConfigurationList = C1F87DC01EA48E3F00CB85ED /* Build configuration list for PBXNativeTarget "RocUsuallySwiftTests" */;
			buildPhases = (
				C1F87DB51EA48E3F00CB85ED /* Sources */,
				C1F87DB61EA48E3F00CB85ED /* Frameworks */,
				C1F87DB71EA48E3F00CB85ED /* Resources */,
			);
			buildRules = (
			);
			dependencies = (
				C1F87DBF1EA48E3F00CB85ED /* PBXTargetDependency */,
			);
			name = RocUsuallySwiftTests;
			productName = RocUsuallySwiftTests;
			productReference = C1F87DB91EA48E3F00CB85ED /* RocUsuallySwiftTests.xctest */;
			productType = "com.apple.product-type.bundle.unit-test";
		};
/* End PBXNativeTarget section */

/* Begin PBXProject section */
		C18B7CA11E027B8900CFCB25 /* Project object */ = {
			isa = PBXProject;
			attributes = {
				LastSwiftUpdateCheck = 0830;
				LastUpgradeCheck = 0820;
				ORGANIZATIONNAME = pxl;
				TargetAttributes = {
					C18B7CA81E027B8900CFCB25 = {
						CreatedOnToolsVersion = 8.2;
						DevelopmentTeam = QD82P77WSG;
						LastSwiftMigration = 0820;
						ProvisioningStyle = Automatic;
					};
					C1F87DB81EA48E3F00CB85ED = {
						CreatedOnToolsVersion = 8.3;
						DevelopmentTeam = QD82P77WSG;
						ProvisioningStyle = Automatic;
						TestTargetID = C18B7CA81E027B8900CFCB25;
					};
				};
			};
			buildConfigurationList = C18B7CA41E027B8900CFCB25 /* Build configuration list for PBXProject "RocUsuallySwift" */;
			compatibilityVersion = "Xcode 3.2";
			developmentRegion = English;
			hasScannedForEncodings = 0;
			knownRegions = (
				en,
				Base,
			);
			mainGroup = C18B7CA01E027B8900CFCB25;
			productRefGroup = C18B7CAA1E027B8900CFCB25 /* Products */;
			projectDirPath = "";
			projectRoot = "";
			targets = (
				C18B7CA81E027B8900CFCB25 /* RocUsuallySwift */,
				C1F87DB81EA48E3F00CB85ED /* RocUsuallySwiftTests */,
			);
		};
/* End PBXProject section */

/* Begin PBXResourcesBuildPhase section */
		C18B7CA71E027B8900CFCB25 /* Resources */ = {
			isa = PBXResourcesBuildPhase;
			buildActionMask = 2147483647;
			files = (
				C18B7CB71E027B8900CFCB25 /* LaunchScreen.storyboard in Resources */,
				C18B7CB41E027B8900CFCB25 /* Assets.xcassets in Resources */,
				C167A6BC1E9BA8A9000D7A61 /* weex.png in Resources */,
				C167A6BD1E9BA8A9000D7A61 /* weex@2x.png in Resources */,
				C167A6BB1E9BA8A9000D7A61 /* weex-icon.png in Resources */,
				C18B7CB21E027B8900CFCB25 /* Main.storyboard in Resources */,
				C13975C31E88AB6800D5DA1E /* RXSwiftLoginController.xib in Resources */,
			);
			runOnlyForDeploymentPostprocessing = 0;
		};
		C1F87DB71EA48E3F00CB85ED /* Resources */ = {
			isa = PBXResourcesBuildPhase;
			buildActionMask = 2147483647;
			files = (
			);
			runOnlyForDeploymentPostprocessing = 0;
		};
/* End PBXResourcesBuildPhase section */

/* Begin PBXShellScriptBuildPhase section */
		2788929450C37B01A16E9DB4 /* [CP] Embed Pods Frameworks */ = {
			isa = PBXShellScriptBuildPhase;
			buildActionMask = 2147483647;
			files = (
			);
			inputPaths = (
			);
			name = "[CP] Embed Pods Frameworks";
			outputPaths = (
			);
			runOnlyForDeploymentPostprocessing = 0;
			shellPath = /bin/sh;
			shellScript = "\"${SRCROOT}/Pods/Target Support Files/Pods-RocUsuallySwift/Pods-RocUsuallySwift-frameworks.sh\"\n";
			showEnvVarsInLog = 0;
		};
		3665C07C4ECB5D521393AA50 /* [CP] Check Pods Manifest.lock */ = {
			isa = PBXShellScriptBuildPhase;
			buildActionMask = 2147483647;
			files = (
			);
			inputPaths = (
			);
			name = "[CP] Check Pods Manifest.lock";
			outputPaths = (
			);
			runOnlyForDeploymentPostprocessing = 0;
			shellPath = /bin/sh;
			shellScript = "diff \"${PODS_ROOT}/../Podfile.lock\" \"${PODS_ROOT}/Manifest.lock\" > /dev/null\nif [ $? != 0 ] ; then\n    # print error to STDERR\n    echo \"error: The sandbox is not in sync with the Podfile.lock. Run 'pod install' or update your CocoaPods installation.\" >&2\n    exit 1\nfi\n";
			showEnvVarsInLog = 0;
		};
		50953E1092F5DF0A34C56191 /* [CP] Copy Pods Resources */ = {
			isa = PBXShellScriptBuildPhase;
			buildActionMask = 2147483647;
			files = (
			);
			inputPaths = (
			);
			name = "[CP] Copy Pods Resources";
			outputPaths = (
			);
			runOnlyForDeploymentPostprocessing = 0;
			shellPath = /bin/sh;
			shellScript = "\"${SRCROOT}/Pods/Target Support Files/Pods-RocUsuallySwift/Pods-RocUsuallySwift-resources.sh\"\n";
			showEnvVarsInLog = 0;
		};
/* End PBXShellScriptBuildPhase section */

/* Begin PBXSourcesBuildPhase section */
		C18B7CA51E027B8900CFCB25 /* Sources */ = {
			isa = PBXSourcesBuildPhase;
			buildActionMask = 2147483647;
			files = (
				C167A6DD1E9BAAA8000D7A61 /* PXLChartsViewController.swift in Sources */,
				C167A6D31E9BA8B3000D7A61 /* Common.swift in Sources */,
				C167A6B01E9BA6DC000D7A61 /* AppDelegate.swift in Sources */,
				C167A6D01E9BA8B3000D7A61 /* UIBarButtonItem-Extension.swift in Sources */,
				C167A6D21E9BA8B3000D7A61 /* NetWorkTools.swift in Sources */,
				C167A6D11E9BA8B3000D7A61 /* UIColor-Extension.swift in Sources */,
				C167A6FE1E9DCEAF000D7A61 /* BoxueViewController.swift in Sources */,
				C167A7001E9DD1FA000D7A61 /* Boxue_7.md in Sources */,
				C167A6D81E9BAA22000D7A61 /* ChartsDemo.md in Sources */,
				C13975C21E88AB6800D5DA1E /* RXSwiftLoginController.swift in Sources */,
				C167A6E51E9C66B9000D7A61 /* LineChartController.swift in Sources */,
				C167A6DF1E9BB0C3000D7A61 /* NSObject-Extension.swift in Sources */,
				C13975C51E88AD4500D5DA1E /* InputValidator.swift in Sources */,
				C167A6D61E9BAA14000D7A61 /* RxSwiftDemo.md in Sources */,
				C167A6B11E9BA6DC000D7A61 /* ViewController.swift in Sources */,
				C167A6CF1E9BA8B3000D7A61 /* NSDate-Extension.swift in Sources */,
			);
			runOnlyForDeploymentPostprocessing = 0;
		};
		C1F87DB51EA48E3F00CB85ED /* Sources */ = {
			isa = PBXSourcesBuildPhase;
			buildActionMask = 2147483647;
			files = (
				C1F87DBC1EA48E3F00CB85ED /* RocUsuallySwiftTests.swift in Sources */,
			);
			runOnlyForDeploymentPostprocessing = 0;
		};
/* End PBXSourcesBuildPhase section */

/* Begin PBXTargetDependency section */
		C1F87DBF1EA48E3F00CB85ED /* PBXTargetDependency */ = {
			isa = PBXTargetDependency;
			target = C18B7CA81E027B8900CFCB25 /* RocUsuallySwift */;
			targetProxy = C1F87DBE1EA48E3F00CB85ED /* PBXContainerItemProxy */;
		};
/* End PBXTargetDependency section */

/* Begin PBXVariantGroup section */
		C18B7CB01E027B8900CFCB25 /* Main.storyboard */ = {
			isa = PBXVariantGroup;
			children = (
				C18B7CB11E027B8900CFCB25 /* Base */,
			);
			name = Main.storyboard;
			path = ..;
			sourceTree = "<group>";
		};
		C18B7CB51E027B8900CFCB25 /* LaunchScreen.storyboard */ = {
			isa = PBXVariantGroup;
			children = (
				C18B7CB61E027B8900CFCB25 /* Base */,
			);
			name = LaunchScreen.storyboard;
			path = ..;
			sourceTree = "<group>";
		};
/* End PBXVariantGroup section */

/* Begin XCBuildConfiguration section */
		C18B7CB91E027B8900CFCB25 /* Debug */ = {
			isa = XCBuildConfiguration;
			buildSettings = {
				ALWAYS_SEARCH_USER_PATHS = NO;
				CLANG_ANALYZER_NONNULL = YES;
				CLANG_CXX_LANGUAGE_STANDARD = "gnu++0x";
				CLANG_CXX_LIBRARY = "libc++";
				CLANG_ENABLE_MODULES = YES;
				CLANG_ENABLE_OBJC_ARC = YES;
				CLANG_WARN_BOOL_CONVERSION = YES;
				CLANG_WARN_CONSTANT_CONVERSION = YES;
				CLANG_WARN_DIRECT_OBJC_ISA_USAGE = YES_ERROR;
				CLANG_WARN_DOCUMENTATION_COMMENTS = YES;
				CLANG_WARN_EMPTY_BODY = YES;
				CLANG_WARN_ENUM_CONVERSION = YES;
				CLANG_WARN_INFINITE_RECURSION = YES;
				CLANG_WARN_INT_CONVERSION = YES;
				CLANG_WARN_OBJC_ROOT_CLASS = YES_ERROR;
				CLANG_WARN_SUSPICIOUS_MOVE = YES;
				CLANG_WARN_UNREACHABLE_CODE = YES;
				CLANG_WARN__DUPLICATE_METHOD_MATCH = YES;
				"CODE_SIGN_IDENTITY[sdk=iphoneos*]" = "iPhone Developer";
				COPY_PHASE_STRIP = NO;
				DEBUG_INFORMATION_FORMAT = dwarf;
				DEFINES_MODULE = YES;
				ENABLE_STRICT_OBJC_MSGSEND = YES;
				ENABLE_TESTABILITY = YES;
				GCC_C_LANGUAGE_STANDARD = gnu99;
				GCC_DYNAMIC_NO_PIC = NO;
				GCC_NO_COMMON_BLOCKS = YES;
				GCC_OPTIMIZATION_LEVEL = 0;
				GCC_PREPROCESSOR_DEFINITIONS = (
					"DEBUG=1",
					"$(inherited)",
				);
				GCC_WARN_64_TO_32_BIT_CONVERSION = YES;
				GCC_WARN_ABOUT_RETURN_TYPE = YES_ERROR;
				GCC_WARN_UNDECLARED_SELECTOR = YES;
				GCC_WARN_UNINITIALIZED_AUTOS = YES_AGGRESSIVE;
				GCC_WARN_UNUSED_FUNCTION = YES;
				GCC_WARN_UNUSED_VARIABLE = YES;
				IPHONEOS_DEPLOYMENT_TARGET = 10.2;
				MTL_ENABLE_DEBUG_INFO = YES;
				ONLY_ACTIVE_ARCH = YES;
				PRODUCT_MODULE_NAME = RocUsuallySwift;
				SDKROOT = iphoneos;
				SWIFT_ACTIVE_COMPILATION_CONDITIONS = DEBUG;
				SWIFT_OPTIMIZATION_LEVEL = "-Onone";
			};
			name = Debug;
		};
		C18B7CBA1E027B8900CFCB25 /* Release */ = {
			isa = XCBuildConfiguration;
			buildSettings = {
				ALWAYS_SEARCH_USER_PATHS = NO;
				CLANG_ANALYZER_NONNULL = YES;
				CLANG_CXX_LANGUAGE_STANDARD = "gnu++0x";
				CLANG_CXX_LIBRARY = "libc++";
				CLANG_ENABLE_MODULES = YES;
				CLANG_ENABLE_OBJC_ARC = YES;
				CLANG_WARN_BOOL_CONVERSION = YES;
				CLANG_WARN_CONSTANT_CONVERSION = YES;
				CLANG_WARN_DIRECT_OBJC_ISA_USAGE = YES_ERROR;
				CLANG_WARN_DOCUMENTATION_COMMENTS = YES;
				CLANG_WARN_EMPTY_BODY = YES;
				CLANG_WARN_ENUM_CONVERSION = YES;
				CLANG_WARN_INFINITE_RECURSION = YES;
				CLANG_WARN_INT_CONVERSION = YES;
				CLANG_WARN_OBJC_ROOT_CLASS = YES_ERROR;
				CLANG_WARN_SUSPICIOUS_MOVE = YES;
				CLANG_WARN_UNREACHABLE_CODE = YES;
				CLANG_WARN__DUPLICATE_METHOD_MATCH = YES;
				"CODE_SIGN_IDENTITY[sdk=iphoneos*]" = "iPhone Developer";
				COPY_PHASE_STRIP = NO;
				DEBUG_INFORMATION_FORMAT = "dwarf-with-dsym";
				DEFINES_MODULE = YES;
				ENABLE_NS_ASSERTIONS = NO;
				ENABLE_STRICT_OBJC_MSGSEND = YES;
				GCC_C_LANGUAGE_STANDARD = gnu99;
				GCC_NO_COMMON_BLOCKS = YES;
				GCC_WARN_64_TO_32_BIT_CONVERSION = YES;
				GCC_WARN_ABOUT_RETURN_TYPE = YES_ERROR;
				GCC_WARN_UNDECLARED_SELECTOR = YES;
				GCC_WARN_UNINITIALIZED_AUTOS = YES_AGGRESSIVE;
				GCC_WARN_UNUSED_FUNCTION = YES;
				GCC_WARN_UNUSED_VARIABLE = YES;
				IPHONEOS_DEPLOYMENT_TARGET = 10.2;
				MTL_ENABLE_DEBUG_INFO = NO;
				PRODUCT_MODULE_NAME = RocUsuallySwift;
				SDKROOT = iphoneos;
				SWIFT_OPTIMIZATION_LEVEL = "-Owholemodule";
				VALIDATE_PRODUCT = YES;
			};
			name = Release;
		};
		C18B7CBC1E027B8900CFCB25 /* Debug */ = {
			isa = XCBuildConfiguration;
			baseConfigurationReference = CDFD5A51058ED1BF865F2709 /* Pods-RocUsuallySwift.debug.xcconfig */;
			buildSettings = {
				ASSETCATALOG_COMPILER_APPICON_NAME = AppIcon;
				CLANG_ENABLE_MODULES = YES;
				DEFINES_MODULE = NO;
				DEVELOPMENT_TEAM = QD82P77WSG;
				INFOPLIST_FILE = RocUsuallySwift/Info.plist;
				LD_RUNPATH_SEARCH_PATHS = "$(inherited) @executable_path/Frameworks";
				PRODUCT_BUNDLE_IDENTIFIER = com.rocfly.RocUsuallySwift;
				PRODUCT_MODULE_NAME = RocUsuallySwift;
				PRODUCT_NAME = "$(TARGET_NAME)";
				SWIFT_OBJC_BRIDGING_HEADER = "";
				SWIFT_OPTIMIZATION_LEVEL = "-Onone";
				SWIFT_VERSION = 3.0;
			};
			name = Debug;
		};
		C18B7CBD1E027B8900CFCB25 /* Release */ = {
			isa = XCBuildConfiguration;
			baseConfigurationReference = 0D145940C13C04F596B95091 /* Pods-RocUsuallySwift.release.xcconfig */;
			buildSettings = {
				ASSETCATALOG_COMPILER_APPICON_NAME = AppIcon;
				CLANG_ENABLE_MODULES = YES;
				DEFINES_MODULE = NO;
				DEVELOPMENT_TEAM = QD82P77WSG;
				INFOPLIST_FILE = RocUsuallySwift/Info.plist;
				LD_RUNPATH_SEARCH_PATHS = "$(inherited) @executable_path/Frameworks";
				PRODUCT_BUNDLE_IDENTIFIER = com.rocfly.RocUsuallySwift;
				PRODUCT_MODULE_NAME = RocUsuallySwift;
				PRODUCT_NAME = "$(TARGET_NAME)";
				SWIFT_OBJC_BRIDGING_HEADER = "";
				SWIFT_VERSION = 3.0;
			};
			name = Release;
		};
		C1F87DC11EA48E3F00CB85ED /* Debug */ = {
			isa = XCBuildConfiguration;
			buildSettings = {
				BUNDLE_LOADER = "$(TEST_HOST)";
				CLANG_ANALYZER_NUMBER_OBJECT_CONVERSION = YES_AGGRESSIVE;
				DEVELOPMENT_TEAM = QD82P77WSG;
				INFOPLIST_FILE = RocUsuallySwiftTests/Info.plist;
				IPHONEOS_DEPLOYMENT_TARGET = 10.3;
				LD_RUNPATH_SEARCH_PATHS = "$(inherited) @executable_path/Frameworks @loader_path/Frameworks";
				PRODUCT_BUNDLE_IDENTIFIER = com.rocfly.RocUsuallySwiftTests;
				PRODUCT_NAME = "$(TARGET_NAME)";
				SWIFT_VERSION = 3.0;
				TEST_HOST = "$(BUILT_PRODUCTS_DIR)/RocUsuallySwift.app/RocUsuallySwift";
			};
			name = Debug;
		};
		C1F87DC21EA48E3F00CB85ED /* Release */ = {
			isa = XCBuildConfiguration;
			buildSettings = {
				BUNDLE_LOADER = "$(TEST_HOST)";
				CLANG_ANALYZER_NUMBER_OBJECT_CONVERSION = YES_AGGRESSIVE;
				DEVELOPMENT_TEAM = QD82P77WSG;
				INFOPLIST_FILE = RocUsuallySwiftTests/Info.plist;
				IPHONEOS_DEPLOYMENT_TARGET = 10.3;
				LD_RUNPATH_SEARCH_PATHS = "$(inherited) @executable_path/Frameworks @loader_path/Frameworks";
				PRODUCT_BUNDLE_IDENTIFIER = com.rocfly.RocUsuallySwiftTests;
				PRODUCT_NAME = "$(TARGET_NAME)";
				SWIFT_VERSION = 3.0;
				TEST_HOST = "$(BUILT_PRODUCTS_DIR)/RocUsuallySwift.app/RocUsuallySwift";
			};
			name = Release;
		};
/* End XCBuildConfiguration section */

/* Begin XCConfigurationList section */
		C18B7CA41E027B8900CFCB25 /* Build configuration list for PBXProject "RocUsuallySwift" */ = {
			isa = XCConfigurationList;
			buildConfigurations = (
				C18B7CB91E027B8900CFCB25 /* Debug */,
				C18B7CBA1E027B8900CFCB25 /* Release */,
			);
			defaultConfigurationIsVisible = 0;
			defaultConfigurationName = Release;
		};
		C18B7CBB1E027B8900CFCB25 /* Build configuration list for PBXNativeTarget "RocUsuallySwift" */ = {
			isa = XCConfigurationList;
			buildConfigurations = (
				C18B7CBC1E027B8900CFCB25 /* Debug */,
				C18B7CBD1E027B8900CFCB25 /* Release */,
			);
			defaultConfigurationIsVisible = 0;
			defaultConfigurationName = Release;
		};
		C1F87DC01EA48E3F00CB85ED /* Build configuration list for PBXNativeTarget "RocUsuallySwiftTests" */ = {
			isa = XCConfigurationList;
			buildConfigurations = (
				C1F87DC11EA48E3F00CB85ED /* Debug */,
				C1F87DC21EA48E3F00CB85ED /* Release */,
			);
			defaultConfigurationIsVisible = 0;
		};
/* End XCConfigurationList section */
	};
	rootObject = C18B7CA11E027B8900CFCB25 /* Project object */;
}
